
Microsoft Visual Studio Solution File, Format Version 12.00
# Visual Studio Version 16
VisualStudioVersion = 16.0.32802.440
MinimumVisualStudioVersion = 10.0.40219.1
Project("{FAE04EC0-301F-11D3-BF4B-00C04F79EFBC}") = "Interface_ClassesMeres", "Interface_ClassesMeres\Interface_ClassesMeres.csproj", "{7415590C-155A-4CC7-85A6-70A8DF122170}"
EndProject
Global
	GlobalSection(SolutionConfigurationPlatforms) = preSolution
		Debug|Any CPU = Debug|Any CPU
		Release|Any CPU = Release|Any CPU
	EndGlobalSection
	GlobalSection(ProjectConfigurationPlatforms) = postSolution
		{7415590C-155A-4CC7-85A6-70A8DF122170}.Debug|Any CPU.ActiveCfg = Debug|Any CPU
		{7415590C-155A-4CC7-85A6-70A8DF122170}.Debug|Any CPU.Build.0 = Debug|Any CPU
		{7415590C-155A-4CC7-85A6-70A8DF122170}.Release|Any CPU.ActiveCfg = Release|Any CPU
		{7415590C-155A-4CC7-85A6-70A8DF122170}.Release|Any CPU.Build.0 = Release|Any CPU
	EndGlobalSection
	GlobalSection(SolutionProperties) = preSolution
		HideSolutionNode = FALSE
	EndGlobalSection
	GlobalSection(ExtensibilityGlobals) = postSolution
		SolutionGuid = {22B6D42B-5346-41BB-BB6B-555B582E3E6E}
	EndGlobalSection
EndGlobal
